// !$*UTF8*$!
{
	archiveVersion = 1;
	classes = {
	};
	objectVersion = 51;
	objects = {

/* Begin PBXBuildFile section */
		63C061A9CC254CFA0F54C24B /* Pods_PocketRocketsUITests.framework in Frameworks */ = {isa = PBXBuildFile; fileRef = C630BF3611FD062A14404599 /* Pods_PocketRocketsUITests.framework */; };
		6718706E99121E686E60DE7E /* Pods_PocketRocketsTests.framework in Frameworks */ = {isa = PBXBuildFile; fileRef = 8E4323AB903475FB145C6130 /* Pods_PocketRocketsTests.framework */; };
		9D3DEB2322D3C15600DDE02F /* AppDelegate.swift in Sources */ = {isa = PBXBuildFile; fileRef = 9D3DEB2222D3C15600DDE02F /* AppDelegate.swift */; };
		9D3DEB2522D3C15600DDE02F /* SceneDelegate.swift in Sources */ = {isa = PBXBuildFile; fileRef = 9D3DEB2422D3C15600DDE02F /* SceneDelegate.swift */; };
		9D3DEB2A22D3C15600DDE02F /* Main.storyboard in Resources */ = {isa = PBXBuildFile; fileRef = 9D3DEB2822D3C15600DDE02F /* Main.storyboard */; };
		9D3DEB2C22D3C15600DDE02F /* Assets.xcassets in Resources */ = {isa = PBXBuildFile; fileRef = 9D3DEB2B22D3C15600DDE02F /* Assets.xcassets */; };
		9D3DEB2F22D3C15600DDE02F /* LaunchScreen.storyboard in Resources */ = {isa = PBXBuildFile; fileRef = 9D3DEB2D22D3C15600DDE02F /* LaunchScreen.storyboard */; };
		9D3DEB3A22D3C15600DDE02F /* PocketRocketsTests.swift in Sources */ = {isa = PBXBuildFile; fileRef = 9D3DEB3922D3C15600DDE02F /* PocketRocketsTests.swift */; };
		9D3DEB4522D3C15600DDE02F /* PocketRocketsUITests.swift in Sources */ = {isa = PBXBuildFile; fileRef = 9D3DEB4422D3C15600DDE02F /* PocketRocketsUITests.swift */; };
		9D3DEB5622D3C4C000DDE02F /* Launch.swift in Sources */ = {isa = PBXBuildFile; fileRef = 9D3DEB5522D3C4C000DDE02F /* Launch.swift */; };
		9D3DEB5A22D3C92800DDE02F /* WebAPI.swift in Sources */ = {isa = PBXBuildFile; fileRef = 9D3DEB5922D3C92800DDE02F /* WebAPI.swift */; };
		9D3DEB5C22D3D48900DDE02F /* Rocket.swift in Sources */ = {isa = PBXBuildFile; fileRef = 9D3DEB5B22D3D48900DDE02F /* Rocket.swift */; };
		9D3DEB5E22D4600800DDE02F /* LaunchesTableViewController.swift in Sources */ = {isa = PBXBuildFile; fileRef = 9D3DEB5D22D4600800DDE02F /* LaunchesTableViewController.swift */; };
		9D3DEB6122D5191400DDE02F /* Reusable.swift in Sources */ = {isa = PBXBuildFile; fileRef = 9D3DEB6022D5191400DDE02F /* Reusable.swift */; };
		9DA6F58722D583450081031F /* UIView+Card.swift in Sources */ = {isa = PBXBuildFile; fileRef = 9DA6F58622D583450081031F /* UIView+Card.swift */; };
		9DA6F58A22D5896C0081031F /* LaunchHeaderView.swift in Sources */ = {isa = PBXBuildFile; fileRef = 9DA6F58922D5896B0081031F /* LaunchHeaderView.swift */; };
		9DA6F58C22D58FB40081031F /* rocket_flying.json in Resources */ = {isa = PBXBuildFile; fileRef = 9DA6F58B22D58FB40081031F /* rocket_flying.json */; };
		9DB7971222D539050000838A /* LaunchTableViewCell.swift in Sources */ = {isa = PBXBuildFile; fileRef = 9DB7971122D539050000838A /* LaunchTableViewCell.swift */; };
		E8F7C11256D341C0190DDE8C /* Pods_PocketRockets.framework in Frameworks */ = {isa = PBXBuildFile; fileRef = 29F7FD7618E91D4A6C7933B4 /* Pods_PocketRockets.framework */; };
/* End PBXBuildFile section */

/* Begin PBXContainerItemProxy section */
		9D3DEB3622D3C15600DDE02F /* PBXContainerItemProxy */ = {
			isa = PBXContainerItemProxy;
			containerPortal = 9D3DEB1722D3C15600DDE02F /* Project object */;
			proxyType = 1;
			remoteGlobalIDString = 9D3DEB1E22D3C15600DDE02F;
			remoteInfo = PocketRockets;
		};
		9D3DEB4122D3C15600DDE02F /* PBXContainerItemProxy */ = {
			isa = PBXContainerItemProxy;
			containerPortal = 9D3DEB1722D3C15600DDE02F /* Project object */;
			proxyType = 1;
			remoteGlobalIDString = 9D3DEB1E22D3C15600DDE02F;
			remoteInfo = PocketRockets;
		};
/* End PBXContainerItemProxy section */

/* Begin PBXFileReference section */
		026023FE86DEF373BBBFB790 /* Pods-PocketRocketsTests.release.xcconfig */ = {isa = PBXFileReference; includeInIndex = 1; lastKnownFileType = text.xcconfig; name = "Pods-PocketRocketsTests.release.xcconfig"; path = "Target Support Files/Pods-PocketRocketsTests/Pods-PocketRocketsTests.release.xcconfig"; sourceTree = "<group>"; };
		0E36A9E3F3A9C2334E10EC12 /* Pods-PocketRocketsTests.debug.xcconfig */ = {isa = PBXFileReference; includeInIndex = 1; lastKnownFileType = text.xcconfig; name = "Pods-PocketRocketsTests.debug.xcconfig"; path = "Target Support Files/Pods-PocketRocketsTests/Pods-PocketRocketsTests.debug.xcconfig"; sourceTree = "<group>"; };
		29F7FD7618E91D4A6C7933B4 /* Pods_PocketRockets.framework */ = {isa = PBXFileReference; explicitFileType = wrapper.framework; includeInIndex = 0; path = Pods_PocketRockets.framework; sourceTree = BUILT_PRODUCTS_DIR; };
		8E4323AB903475FB145C6130 /* Pods_PocketRocketsTests.framework */ = {isa = PBXFileReference; explicitFileType = wrapper.framework; includeInIndex = 0; path = Pods_PocketRocketsTests.framework; sourceTree = BUILT_PRODUCTS_DIR; };
		96D074DC4A4EEF7DB6945270 /* Pods-PocketRockets.debug.xcconfig */ = {isa = PBXFileReference; includeInIndex = 1; lastKnownFileType = text.xcconfig; name = "Pods-PocketRockets.debug.xcconfig"; path = "Target Support Files/Pods-PocketRockets/Pods-PocketRockets.debug.xcconfig"; sourceTree = "<group>"; };
		9D3DEB1F22D3C15600DDE02F /* PocketRockets.app */ = {isa = PBXFileReference; explicitFileType = wrapper.application; includeInIndex = 0; path = PocketRockets.app; sourceTree = BUILT_PRODUCTS_DIR; };
		9D3DEB2222D3C15600DDE02F /* AppDelegate.swift */ = {isa = PBXFileReference; lastKnownFileType = sourcecode.swift; path = AppDelegate.swift; sourceTree = "<group>"; };
		9D3DEB2422D3C15600DDE02F /* SceneDelegate.swift */ = {isa = PBXFileReference; lastKnownFileType = sourcecode.swift; path = SceneDelegate.swift; sourceTree = "<group>"; };
		9D3DEB2922D3C15600DDE02F /* Base */ = {isa = PBXFileReference; lastKnownFileType = file.storyboard; name = Base; path = Base.lproj/Main.storyboard; sourceTree = "<group>"; };
		9D3DEB2B22D3C15600DDE02F /* Assets.xcassets */ = {isa = PBXFileReference; lastKnownFileType = folder.assetcatalog; path = Assets.xcassets; sourceTree = "<group>"; };
		9D3DEB2E22D3C15600DDE02F /* Base */ = {isa = PBXFileReference; lastKnownFileType = file.storyboard; name = Base; path = Base.lproj/LaunchScreen.storyboard; sourceTree = "<group>"; };
		9D3DEB3022D3C15600DDE02F /* Info.plist */ = {isa = PBXFileReference; lastKnownFileType = text.plist.xml; path = Info.plist; sourceTree = "<group>"; };
		9D3DEB3522D3C15600DDE02F /* PocketRocketsTests.xctest */ = {isa = PBXFileReference; explicitFileType = wrapper.cfbundle; includeInIndex = 0; path = PocketRocketsTests.xctest; sourceTree = BUILT_PRODUCTS_DIR; };
		9D3DEB3922D3C15600DDE02F /* PocketRocketsTests.swift */ = {isa = PBXFileReference; lastKnownFileType = sourcecode.swift; path = PocketRocketsTests.swift; sourceTree = "<group>"; };
		9D3DEB3B22D3C15600DDE02F /* Info.plist */ = {isa = PBXFileReference; lastKnownFileType = text.plist.xml; path = Info.plist; sourceTree = "<group>"; };
		9D3DEB4022D3C15600DDE02F /* PocketRocketsUITests.xctest */ = {isa = PBXFileReference; explicitFileType = wrapper.cfbundle; includeInIndex = 0; path = PocketRocketsUITests.xctest; sourceTree = BUILT_PRODUCTS_DIR; };
		9D3DEB4422D3C15600DDE02F /* PocketRocketsUITests.swift */ = {isa = PBXFileReference; lastKnownFileType = sourcecode.swift; path = PocketRocketsUITests.swift; sourceTree = "<group>"; };
		9D3DEB4622D3C15600DDE02F /* Info.plist */ = {isa = PBXFileReference; lastKnownFileType = text.plist.xml; path = Info.plist; sourceTree = "<group>"; };
		9D3DEB5522D3C4C000DDE02F /* Launch.swift */ = {isa = PBXFileReference; lastKnownFileType = sourcecode.swift; path = Launch.swift; sourceTree = "<group>"; };
		9D3DEB5922D3C92800DDE02F /* WebAPI.swift */ = {isa = PBXFileReference; lastKnownFileType = sourcecode.swift; path = WebAPI.swift; sourceTree = "<group>"; };
		9D3DEB5B22D3D48900DDE02F /* Rocket.swift */ = {isa = PBXFileReference; lastKnownFileType = sourcecode.swift; path = Rocket.swift; sourceTree = "<group>"; };
		9D3DEB5D22D4600800DDE02F /* LaunchesTableViewController.swift */ = {isa = PBXFileReference; lastKnownFileType = sourcecode.swift; path = LaunchesTableViewController.swift; sourceTree = "<group>"; };
		9D3DEB6022D5191400DDE02F /* Reusable.swift */ = {isa = PBXFileReference; lastKnownFileType = sourcecode.swift; path = Reusable.swift; sourceTree = "<group>"; };
		9DA6F58622D583450081031F /* UIView+Card.swift */ = {isa = PBXFileReference; lastKnownFileType = sourcecode.swift; path = "UIView+Card.swift"; sourceTree = "<group>"; };
		9DA6F58922D5896B0081031F /* LaunchHeaderView.swift */ = {isa = PBXFileReference; lastKnownFileType = sourcecode.swift; path = LaunchHeaderView.swift; sourceTree = "<group>"; };
		9DA6F58B22D58FB40081031F /* rocket_flying.json */ = {isa = PBXFileReference; fileEncoding = 4; lastKnownFileType = text.json; path = rocket_flying.json; sourceTree = "<group>"; };
		9DB7971122D539050000838A /* LaunchTableViewCell.swift */ = {isa = PBXFileReference; lastKnownFileType = sourcecode.swift; path = LaunchTableViewCell.swift; sourceTree = "<group>"; };
		9ED0C454FE752B22A19B6E5B /* Pods-PocketRocketsUITests.release.xcconfig */ = {isa = PBXFileReference; includeInIndex = 1; lastKnownFileType = text.xcconfig; name = "Pods-PocketRocketsUITests.release.xcconfig"; path = "Target Support Files/Pods-PocketRocketsUITests/Pods-PocketRocketsUITests.release.xcconfig"; sourceTree = "<group>"; };
		C630BF3611FD062A14404599 /* Pods_PocketRocketsUITests.framework */ = {isa = PBXFileReference; explicitFileType = wrapper.framework; includeInIndex = 0; path = Pods_PocketRocketsUITests.framework; sourceTree = BUILT_PRODUCTS_DIR; };
		EA4BF08945B23732DAE3A94E /* Pods-PocketRocketsUITests.debug.xcconfig */ = {isa = PBXFileReference; includeInIndex = 1; lastKnownFileType = text.xcconfig; name = "Pods-PocketRocketsUITests.debug.xcconfig"; path = "Target Support Files/Pods-PocketRocketsUITests/Pods-PocketRocketsUITests.debug.xcconfig"; sourceTree = "<group>"; };
		F2964F7AA86C336810FC97BD /* Pods-PocketRockets.release.xcconfig */ = {isa = PBXFileReference; includeInIndex = 1; lastKnownFileType = text.xcconfig; name = "Pods-PocketRockets.release.xcconfig"; path = "Target Support Files/Pods-PocketRockets/Pods-PocketRockets.release.xcconfig"; sourceTree = "<group>"; };
/* End PBXFileReference section */

/* Begin PBXFrameworksBuildPhase section */
		9D3DEB1C22D3C15600DDE02F /* Frameworks */ = {
			isa = PBXFrameworksBuildPhase;
			buildActionMask = 2147483647;
			files = (
				E8F7C11256D341C0190DDE8C /* Pods_PocketRockets.framework in Frameworks */,
			);
			runOnlyForDeploymentPostprocessing = 0;
		};
		9D3DEB3222D3C15600DDE02F /* Frameworks */ = {
			isa = PBXFrameworksBuildPhase;
			buildActionMask = 2147483647;
			files = (
				6718706E99121E686E60DE7E /* Pods_PocketRocketsTests.framework in Frameworks */,
			);
			runOnlyForDeploymentPostprocessing = 0;
		};
		9D3DEB3D22D3C15600DDE02F /* Frameworks */ = {
			isa = PBXFrameworksBuildPhase;
			buildActionMask = 2147483647;
			files = (
				63C061A9CC254CFA0F54C24B /* Pods_PocketRocketsUITests.framework in Frameworks */,
			);
			runOnlyForDeploymentPostprocessing = 0;
		};
/* End PBXFrameworksBuildPhase section */

/* Begin PBXGroup section */
		464B872B930A67AF52F75CEA /* Pods */ = {
			isa = PBXGroup;
			children = (
				96D074DC4A4EEF7DB6945270 /* Pods-PocketRockets.debug.xcconfig */,
				F2964F7AA86C336810FC97BD /* Pods-PocketRockets.release.xcconfig */,
				0E36A9E3F3A9C2334E10EC12 /* Pods-PocketRocketsTests.debug.xcconfig */,
				026023FE86DEF373BBBFB790 /* Pods-PocketRocketsTests.release.xcconfig */,
				EA4BF08945B23732DAE3A94E /* Pods-PocketRocketsUITests.debug.xcconfig */,
				9ED0C454FE752B22A19B6E5B /* Pods-PocketRocketsUITests.release.xcconfig */,
			);
			path = Pods;
			sourceTree = "<group>";
		};
		76EEDB929F60C50FCD6FE3CB /* Frameworks */ = {
			isa = PBXGroup;
			children = (
				29F7FD7618E91D4A6C7933B4 /* Pods_PocketRockets.framework */,
				8E4323AB903475FB145C6130 /* Pods_PocketRocketsTests.framework */,
				C630BF3611FD062A14404599 /* Pods_PocketRocketsUITests.framework */,
			);
			name = Frameworks;
			sourceTree = "<group>";
		};
		9D3DEB1622D3C15600DDE02F = {
			isa = PBXGroup;
			children = (
				9D3DEB2122D3C15600DDE02F /* PocketRockets */,
				9D3DEB3822D3C15600DDE02F /* PocketRocketsTests */,
				9D3DEB4322D3C15600DDE02F /* PocketRocketsUITests */,
				9D3DEB2022D3C15600DDE02F /* Products */,
				464B872B930A67AF52F75CEA /* Pods */,
				76EEDB929F60C50FCD6FE3CB /* Frameworks */,
			);
			sourceTree = "<group>";
		};
		9D3DEB2022D3C15600DDE02F /* Products */ = {
			isa = PBXGroup;
			children = (
				9D3DEB1F22D3C15600DDE02F /* PocketRockets.app */,
				9D3DEB3522D3C15600DDE02F /* PocketRocketsTests.xctest */,
				9D3DEB4022D3C15600DDE02F /* PocketRocketsUITests.xctest */,
			);
			name = Products;
			sourceTree = "<group>";
		};
		9D3DEB2122D3C15600DDE02F /* PocketRockets */ = {
			isa = PBXGroup;
			children = (
				9D3DEB5822D3C91100DDE02F /* Networking */,
				9D3DEB5722D3C8AF00DDE02F /* Features */,
				9D3DEB5F22D5190000DDE02F /* Protocols */,
				9D3DEB5422D3C2FE00DDE02F /* Models */,
				9D3DEB5222D3C23200DDE02F /* Shared */,
				9D3DEB2222D3C15600DDE02F /* AppDelegate.swift */,
				9D3DEB2422D3C15600DDE02F /* SceneDelegate.swift */,
				9D3DEB2822D3C15600DDE02F /* Main.storyboard */,
				9D3DEB2B22D3C15600DDE02F /* Assets.xcassets */,
				9D3DEB2D22D3C15600DDE02F /* LaunchScreen.storyboard */,
				9D3DEB3022D3C15600DDE02F /* Info.plist */,
				9DA6F58B22D58FB40081031F /* rocket_flying.json */,
			);
			path = PocketRockets;
			sourceTree = "<group>";
		};
		9D3DEB3822D3C15600DDE02F /* PocketRocketsTests */ = {
			isa = PBXGroup;
			children = (
				9D3DEB3922D3C15600DDE02F /* PocketRocketsTests.swift */,
				9D3DEB3B22D3C15600DDE02F /* Info.plist */,
			);
			path = PocketRocketsTests;
			sourceTree = "<group>";
		};
		9D3DEB4322D3C15600DDE02F /* PocketRocketsUITests */ = {
			isa = PBXGroup;
			children = (
				9D3DEB4422D3C15600DDE02F /* PocketRocketsUITests.swift */,
				9D3DEB4622D3C15600DDE02F /* Info.plist */,
			);
			path = PocketRocketsUITests;
			sourceTree = "<group>";
		};
		9D3DEB5222D3C23200DDE02F /* Shared */ = {
			isa = PBXGroup;
			children = (
				9DA6F58622D583450081031F /* UIView+Card.swift */,
			);
			path = Shared;
			sourceTree = "<group>";
		};
		9D3DEB5422D3C2FE00DDE02F /* Models */ = {
			isa = PBXGroup;
			children = (
				9D3DEB5522D3C4C000DDE02F /* Launch.swift */,
				9D3DEB5B22D3D48900DDE02F /* Rocket.swift */,
			);
			path = Models;
			sourceTree = "<group>";
		};
		9D3DEB5722D3C8AF00DDE02F /* Features */ = {
			isa = PBXGroup;
			children = (
				9DB7971022D538C00000838A /* Launches */,
			);
			path = Features;
			sourceTree = "<group>";
		};
		9D3DEB5822D3C91100DDE02F /* Networking */ = {
			isa = PBXGroup;
			children = (
				9D3DEB5922D3C92800DDE02F /* WebAPI.swift */,
			);
			path = Networking;
			sourceTree = "<group>";
		};
		9D3DEB5F22D5190000DDE02F /* Protocols */ = {
			isa = PBXGroup;
			children = (
				9D3DEB6022D5191400DDE02F /* Reusable.swift */,
			);
			path = Protocols;
			sourceTree = "<group>";
		};
		9DB7971022D538C00000838A /* Launches */ = {
			isa = PBXGroup;
			children = (
				9DA6F58922D5896B0081031F /* LaunchHeaderView.swift */,
				9D3DEB5D22D4600800DDE02F /* LaunchesTableViewController.swift */,
				9DB7971122D539050000838A /* LaunchTableViewCell.swift */,
			);
			path = Launches;
			sourceTree = "<group>";
		};
/* End PBXGroup section */

/* Begin PBXNativeTarget section */
		9D3DEB1E22D3C15600DDE02F /* PocketRockets */ = {
			isa = PBXNativeTarget;
			buildConfigurationList = 9D3DEB4922D3C15600DDE02F /* Build configuration list for PBXNativeTarget "PocketRockets" */;
			buildPhases = (
				308E82DF09BED3A606D193BE /* [CP] Check Pods Manifest.lock */,
				9D3DEB1B22D3C15600DDE02F /* Sources */,
				9D3DEB1C22D3C15600DDE02F /* Frameworks */,
				9D3DEB1D22D3C15600DDE02F /* Resources */,
				3C41E2247BC1672399744737 /* [CP] Embed Pods Frameworks */,
			);
			buildRules = (
			);
			dependencies = (
			);
			name = PocketRockets;
			productName = PocketRockets;
			productReference = 9D3DEB1F22D3C15600DDE02F /* PocketRockets.app */;
			productType = "com.apple.product-type.application";
		};
		9D3DEB3422D3C15600DDE02F /* PocketRocketsTests */ = {
			isa = PBXNativeTarget;
			buildConfigurationList = 9D3DEB4C22D3C15600DDE02F /* Build configuration list for PBXNativeTarget "PocketRocketsTests" */;
			buildPhases = (
				82107A587861BF44C5A7793B /* [CP] Check Pods Manifest.lock */,
				9D3DEB3122D3C15600DDE02F /* Sources */,
				9D3DEB3222D3C15600DDE02F /* Frameworks */,
				9D3DEB3322D3C15600DDE02F /* Resources */,
			);
			buildRules = (
			);
			dependencies = (
				9D3DEB3722D3C15600DDE02F /* PBXTargetDependency */,
			);
			name = PocketRocketsTests;
			productName = PocketRocketsTests;
			productReference = 9D3DEB3522D3C15600DDE02F /* PocketRocketsTests.xctest */;
			productType = "com.apple.product-type.bundle.unit-test";
		};
		9D3DEB3F22D3C15600DDE02F /* PocketRocketsUITests */ = {
			isa = PBXNativeTarget;
			buildConfigurationList = 9D3DEB4F22D3C15600DDE02F /* Build configuration list for PBXNativeTarget "PocketRocketsUITests" */;
			buildPhases = (
				19115935119453EDD3D760CF /* [CP] Check Pods Manifest.lock */,
				9D3DEB3C22D3C15600DDE02F /* Sources */,
				9D3DEB3D22D3C15600DDE02F /* Frameworks */,
				9D3DEB3E22D3C15600DDE02F /* Resources */,
			);
			buildRules = (
			);
			dependencies = (
				9D3DEB4222D3C15600DDE02F /* PBXTargetDependency */,
			);
			name = PocketRocketsUITests;
			productName = PocketRocketsUITests;
			productReference = 9D3DEB4022D3C15600DDE02F /* PocketRocketsUITests.xctest */;
			productType = "com.apple.product-type.bundle.ui-testing";
		};
/* End PBXNativeTarget section */

/* Begin PBXProject section */
		9D3DEB1722D3C15600DDE02F /* Project object */ = {
			isa = PBXProject;
			attributes = {
				LastSwiftUpdateCheck = 1100;
				LastUpgradeCheck = 1100;
				ORGANIZATIONNAME = "Terry Wang";
				TargetAttributes = {
					9D3DEB1E22D3C15600DDE02F = {
						CreatedOnToolsVersion = 11.0;
					};
					9D3DEB3422D3C15600DDE02F = {
						CreatedOnToolsVersion = 11.0;
						TestTargetID = 9D3DEB1E22D3C15600DDE02F;
					};
					9D3DEB3F22D3C15600DDE02F = {
						CreatedOnToolsVersion = 11.0;
						TestTargetID = 9D3DEB1E22D3C15600DDE02F;
					};
				};
			};
			buildConfigurationList = 9D3DEB1A22D3C15600DDE02F /* Build configuration list for PBXProject "PocketRockets" */;
			compatibilityVersion = "Xcode 9.3";
			developmentRegion = en;
			hasScannedForEncodings = 0;
			knownRegions = (
				en,
				Base,
			);
			mainGroup = 9D3DEB1622D3C15600DDE02F;
			productRefGroup = 9D3DEB2022D3C15600DDE02F /* Products */;
			projectDirPath = "";
			projectRoot = "";
			targets = (
				9D3DEB1E22D3C15600DDE02F /* PocketRockets */,
				9D3DEB3422D3C15600DDE02F /* PocketRocketsTests */,
				9D3DEB3F22D3C15600DDE02F /* PocketRocketsUITests */,
			);
		};
/* End PBXProject section */

/* Begin PBXResourcesBuildPhase section */
		9D3DEB1D22D3C15600DDE02F /* Resources */ = {
			isa = PBXResourcesBuildPhase;
			buildActionMask = 2147483647;
			files = (
				9D3DEB2F22D3C15600DDE02F /* LaunchScreen.storyboard in Resources */,
				9D3DEB2C22D3C15600DDE02F /* Assets.xcassets in Resources */,
				9DA6F58C22D58FB40081031F /* rocket_flying.json in Resources */,
				9D3DEB2A22D3C15600DDE02F /* Main.storyboard in Resources */,
			);
			runOnlyForDeploymentPostprocessing = 0;
		};
		9D3DEB3322D3C15600DDE02F /* Resources */ = {
			isa = PBXResourcesBuildPhase;
			buildActionMask = 2147483647;
			files = (
			);
			runOnlyForDeploymentPostprocessing = 0;
		};
		9D3DEB3E22D3C15600DDE02F /* Resources */ = {
			isa = PBXResourcesBuildPhase;
			buildActionMask = 2147483647;
			files = (
			);
			runOnlyForDeploymentPostprocessing = 0;
		};
/* End PBXResourcesBuildPhase section */

/* Begin PBXShellScriptBuildPhase section */
		19115935119453EDD3D760CF /* [CP] Check Pods Manifest.lock */ = {
			isa = PBXShellScriptBuildPhase;
			buildActionMask = 2147483647;
			files = (
			);
			inputFileListPaths = (
			);
			inputPaths = (
				"${PODS_PODFILE_DIR_PATH}/Podfile.lock",
				"${PODS_ROOT}/Manifest.lock",
			);
			name = "[CP] Check Pods Manifest.lock";
			outputFileListPaths = (
			);
			outputPaths = (
				"$(DERIVED_FILE_DIR)/Pods-PocketRocketsUITests-checkManifestLockResult.txt",
			);
			runOnlyForDeploymentPostprocessing = 0;
			shellPath = /bin/sh;
			shellScript = "diff \"${PODS_PODFILE_DIR_PATH}/Podfile.lock\" \"${PODS_ROOT}/Manifest.lock\" > /dev/null\nif [ $? != 0 ] ; then\n    # print error to STDERR\n    echo \"error: The sandbox is not in sync with the Podfile.lock. Run 'pod install' or update your CocoaPods installation.\" >&2\n    exit 1\nfi\n# This output is used by Xcode 'outputs' to avoid re-running this script phase.\necho \"SUCCESS\" > \"${SCRIPT_OUTPUT_FILE_0}\"\n";
			showEnvVarsInLog = 0;
		};
		308E82DF09BED3A606D193BE /* [CP] Check Pods Manifest.lock */ = {
			isa = PBXShellScriptBuildPhase;
			buildActionMask = 2147483647;
			files = (
			);
			inputFileListPaths = (
			);
			inputPaths = (
				"${PODS_PODFILE_DIR_PATH}/Podfile.lock",
				"${PODS_ROOT}/Manifest.lock",
			);
			name = "[CP] Check Pods Manifest.lock";
			outputFileListPaths = (
			);
			outputPaths = (
				"$(DERIVED_FILE_DIR)/Pods-PocketRockets-checkManifestLockResult.txt",
			);
			runOnlyForDeploymentPostprocessing = 0;
			shellPath = /bin/sh;
			shellScript = "diff \"${PODS_PODFILE_DIR_PATH}/Podfile.lock\" \"${PODS_ROOT}/Manifest.lock\" > /dev/null\nif [ $? != 0 ] ; then\n    # print error to STDERR\n    echo \"error: The sandbox is not in sync with the Podfile.lock. Run 'pod install' or update your CocoaPods installation.\" >&2\n    exit 1\nfi\n# This output is used by Xcode 'outputs' to avoid re-running this script phase.\necho \"SUCCESS\" > \"${SCRIPT_OUTPUT_FILE_0}\"\n";
			showEnvVarsInLog = 0;
		};
		3C41E2247BC1672399744737 /* [CP] Embed Pods Frameworks */ = {
			isa = PBXShellScriptBuildPhase;
			buildActionMask = 2147483647;
			files = (
			);
			inputFileListPaths = (
				"${PODS_ROOT}/Target Support Files/Pods-PocketRockets/Pods-PocketRockets-frameworks-${CONFIGURATION}-input-files.xcfilelist",
			);
			name = "[CP] Embed Pods Frameworks";
			outputFileListPaths = (
				"${PODS_ROOT}/Target Support Files/Pods-PocketRockets/Pods-PocketRockets-frameworks-${CONFIGURATION}-output-files.xcfilelist",
			);
			runOnlyForDeploymentPostprocessing = 0;
			shellPath = /bin/sh;
			shellScript = "\"${PODS_ROOT}/Target Support Files/Pods-PocketRockets/Pods-PocketRockets-frameworks.sh\"\n";
			showEnvVarsInLog = 0;
		};
		82107A587861BF44C5A7793B /* [CP] Check Pods Manifest.lock */ = {
			isa = PBXShellScriptBuildPhase;
			buildActionMask = 2147483647;
			files = (
			);
			inputFileListPaths = (
			);
			inputPaths = (
				"${PODS_PODFILE_DIR_PATH}/Podfile.lock",
				"${PODS_ROOT}/Manifest.lock",
			);
			name = "[CP] Check Pods Manifest.lock";
			outputFileListPaths = (
			);
			outputPaths = (
				"$(DERIVED_FILE_DIR)/Pods-PocketRocketsTests-checkManifestLockResult.txt",
			);
			runOnlyForDeploymentPostprocessing = 0;
			shellPath = /bin/sh;
			shellScript = "diff \"${PODS_PODFILE_DIR_PATH}/Podfile.lock\" \"${PODS_ROOT}/Manifest.lock\" > /dev/null\nif [ $? != 0 ] ; then\n    # print error to STDERR\n    echo \"error: The sandbox is not in sync with the Podfile.lock. Run 'pod install' or update your CocoaPods installation.\" >&2\n    exit 1\nfi\n# This output is used by Xcode 'outputs' to avoid re-running this script phase.\necho \"SUCCESS\" > \"${SCRIPT_OUTPUT_FILE_0}\"\n";
			showEnvVarsInLog = 0;
		};
/* End PBXShellScriptBuildPhase section */

/* Begin PBXSourcesBuildPhase section */
		9D3DEB1B22D3C15600DDE02F /* Sources */ = {
			isa = PBXSourcesBuildPhase;
			buildActionMask = 2147483647;
			files = (
				9D3DEB5A22D3C92800DDE02F /* WebAPI.swift in Sources */,
				9D3DEB5E22D4600800DDE02F /* LaunchesTableViewController.swift in Sources */,
				9DA6F58A22D5896C0081031F /* LaunchHeaderView.swift in Sources */,
				9D3DEB2322D3C15600DDE02F /* AppDelegate.swift in Sources */,
				9D3DEB5C22D3D48900DDE02F /* Rocket.swift in Sources */,
				9DB7971222D539050000838A /* LaunchTableViewCell.swift in Sources */,
				9DA6F58722D583450081031F /* UIView+Card.swift in Sources */,
				9D3DEB5622D3C4C000DDE02F /* Launch.swift in Sources */,
				9D3DEB2522D3C15600DDE02F /* SceneDelegate.swift in Sources */,
				9D3DEB6122D5191400DDE02F /* Reusable.swift in Sources */,
			);
			runOnlyForDeploymentPostprocessing = 0;
		};
		9D3DEB3122D3C15600DDE02F /* Sources */ = {
			isa = PBXSourcesBuildPhase;
			buildActionMask = 2147483647;
			files = (
				9D3DEB3A22D3C15600DDE02F /* PocketRocketsTests.swift in Sources */,
			);
			runOnlyForDeploymentPostprocessing = 0;
		};
		9D3DEB3C22D3C15600DDE02F /* Sources */ = {
			isa = PBXSourcesBuildPhase;
			buildActionMask = 2147483647;
			files = (
				9D3DEB4522D3C15600DDE02F /* PocketRocketsUITests.swift in Sources */,
			);
			runOnlyForDeploymentPostprocessing = 0;
		};
/* End PBXSourcesBuildPhase section */

/* Begin PBXTargetDependency section */
		9D3DEB3722D3C15600DDE02F /* PBXTargetDependency */ = {
			isa = PBXTargetDependency;
			target = 9D3DEB1E22D3C15600DDE02F /* PocketRockets */;
			targetProxy = 9D3DEB3622D3C15600DDE02F /* PBXContainerItemProxy */;
		};
		9D3DEB4222D3C15600DDE02F /* PBXTargetDependency */ = {
			isa = PBXTargetDependency;
			target = 9D3DEB1E22D3C15600DDE02F /* PocketRockets */;
			targetProxy = 9D3DEB4122D3C15600DDE02F /* PBXContainerItemProxy */;
		};
/* End PBXTargetDependency section */

/* Begin PBXVariantGroup section */
		9D3DEB2822D3C15600DDE02F /* Main.storyboard */ = {
			isa = PBXVariantGroup;
			children = (
				9D3DEB2922D3C15600DDE02F /* Base */,
			);
			name = Main.storyboard;
			sourceTree = "<group>";
		};
		9D3DEB2D22D3C15600DDE02F /* LaunchScreen.storyboard */ = {
			isa = PBXVariantGroup;
			children = (
				9D3DEB2E22D3C15600DDE02F /* Base */,
			);
			name = LaunchScreen.storyboard;
			sourceTree = "<group>";
		};
/* End PBXVariantGroup section */

/* Begin XCBuildConfiguration section */
		9D3DEB4722D3C15600DDE02F /* Debug */ = {
			isa = XCBuildConfiguration;
			buildSettings = {
				ALWAYS_SEARCH_USER_PATHS = NO;
				CLANG_ANALYZER_NONNULL = YES;
				CLANG_ANALYZER_NUMBER_OBJECT_CONVERSION = YES_AGGRESSIVE;
				CLANG_CXX_LANGUAGE_STANDARD = "gnu++14";
				CLANG_CXX_LIBRARY = "libc++";
				CLANG_ENABLE_MODULES = YES;
				CLANG_ENABLE_OBJC_ARC = YES;
				CLANG_ENABLE_OBJC_WEAK = YES;
				CLANG_WARN_BLOCK_CAPTURE_AUTORELEASING = YES;
				CLANG_WARN_BOOL_CONVERSION = YES;
				CLANG_WARN_COMMA = YES;
				CLANG_WARN_CONSTANT_CONVERSION = YES;
				CLANG_WARN_DEPRECATED_OBJC_IMPLEMENTATIONS = YES;
				CLANG_WARN_DIRECT_OBJC_ISA_USAGE = YES_ERROR;
				CLANG_WARN_DOCUMENTATION_COMMENTS = YES;
				CLANG_WARN_EMPTY_BODY = YES;
				CLANG_WARN_ENUM_CONVERSION = YES;
				CLANG_WARN_INFINITE_RECURSION = YES;
				CLANG_WARN_INT_CONVERSION = YES;
				CLANG_WARN_NON_LITERAL_NULL_CONVERSION = YES;
				CLANG_WARN_OBJC_IMPLICIT_RETAIN_SELF = YES;
				CLANG_WARN_OBJC_LITERAL_CONVERSION = YES;
				CLANG_WARN_OBJC_ROOT_CLASS = YES_ERROR;
				CLANG_WARN_RANGE_LOOP_ANALYSIS = YES;
				CLANG_WARN_STRICT_PROTOTYPES = YES;
				CLANG_WARN_SUSPICIOUS_MOVE = YES;
				CLANG_WARN_UNGUARDED_AVAILABILITY = YES_AGGRESSIVE;
				CLANG_WARN_UNREACHABLE_CODE = YES;
				CLANG_WARN__DUPLICATE_METHOD_MATCH = YES;
				COPY_PHASE_STRIP = NO;
				DEBUG_INFORMATION_FORMAT = dwarf;
				ENABLE_STRICT_OBJC_MSGSEND = YES;
				ENABLE_TESTABILITY = YES;
				GCC_C_LANGUAGE_STANDARD = gnu11;
				GCC_DYNAMIC_NO_PIC = NO;
				GCC_NO_COMMON_BLOCKS = YES;
				GCC_OPTIMIZATION_LEVEL = 0;
				GCC_PREPROCESSOR_DEFINITIONS = (
					"DEBUG=1",
					"$(inherited)",
				);
				GCC_WARN_64_TO_32_BIT_CONVERSION = YES;
				GCC_WARN_ABOUT_RETURN_TYPE = YES_ERROR;
				GCC_WARN_UNDECLARED_SELECTOR = YES;
				GCC_WARN_UNINITIALIZED_AUTOS = YES_AGGRESSIVE;
				GCC_WARN_UNUSED_FUNCTION = YES;
				GCC_WARN_UNUSED_VARIABLE = YES;
				IPHONEOS_DEPLOYMENT_TARGET = 13.0;
				MTL_ENABLE_DEBUG_INFO = INCLUDE_SOURCE;
				MTL_FAST_MATH = YES;
				ONLY_ACTIVE_ARCH = YES;
				SDKROOT = iphoneos;
				SWIFT_ACTIVE_COMPILATION_CONDITIONS = DEBUG;
				SWIFT_OPTIMIZATION_LEVEL = "-Onone";
			};
			name = Debug;
		};
		9D3DEB4822D3C15600DDE02F /* Release */ = {
			isa = XCBuildConfiguration;
			buildSettings = {
				ALWAYS_SEARCH_USER_PATHS = NO;
				CLANG_ANALYZER_NONNULL = YES;
				CLANG_ANALYZER_NUMBER_OBJECT_CONVERSION = YES_AGGRESSIVE;
				CLANG_CXX_LANGUAGE_STANDARD = "gnu++14";
				CLANG_CXX_LIBRARY = "libc++";
				CLANG_ENABLE_MODULES = YES;
				CLANG_ENABLE_OBJC_ARC = YES;
				CLANG_ENABLE_OBJC_WEAK = YES;
				CLANG_WARN_BLOCK_CAPTURE_AUTORELEASING = YES;
				CLANG_WARN_BOOL_CONVERSION = YES;
				CLANG_WARN_COMMA = YES;
				CLANG_WARN_CONSTANT_CONVERSION = YES;
				CLANG_WARN_DEPRECATED_OBJC_IMPLEMENTATIONS = YES;
				CLANG_WARN_DIRECT_OBJC_ISA_USAGE = YES_ERROR;
				CLANG_WARN_DOCUMENTATION_COMMENTS = YES;
				CLANG_WARN_EMPTY_BODY = YES;
				CLANG_WARN_ENUM_CONVERSION = YES;
				CLANG_WARN_INFINITE_RECURSION = YES;
				CLANG_WARN_INT_CONVERSION = YES;
				CLANG_WARN_NON_LITERAL_NULL_CONVERSION = YES;
				CLANG_WARN_OBJC_IMPLICIT_RETAIN_SELF = YES;
				CLANG_WARN_OBJC_LITERAL_CONVERSION = YES;
				CLANG_WARN_OBJC_ROOT_CLASS = YES_ERROR;
				CLANG_WARN_RANGE_LOOP_ANALYSIS = YES;
				CLANG_WARN_STRICT_PROTOTYPES = YES;
				CLANG_WARN_SUSPICIOUS_MOVE = YES;
				CLANG_WARN_UNGUARDED_AVAILABILITY = YES_AGGRESSIVE;
				CLANG_WARN_UNREACHABLE_CODE = YES;
				CLANG_WARN__DUPLICATE_METHOD_MATCH = YES;
				COPY_PHASE_STRIP = NO;
				DEBUG_INFORMATION_FORMAT = "dwarf-with-dsym";
				ENABLE_NS_ASSERTIONS = NO;
				ENABLE_STRICT_OBJC_MSGSEND = YES;
				GCC_C_LANGUAGE_STANDARD = gnu11;
				GCC_NO_COMMON_BLOCKS = YES;
				GCC_WARN_64_TO_32_BIT_CONVERSION = YES;
				GCC_WARN_ABOUT_RETURN_TYPE = YES_ERROR;
				GCC_WARN_UNDECLARED_SELECTOR = YES;
				GCC_WARN_UNINITIALIZED_AUTOS = YES_AGGRESSIVE;
				GCC_WARN_UNUSED_FUNCTION = YES;
				GCC_WARN_UNUSED_VARIABLE = YES;
				IPHONEOS_DEPLOYMENT_TARGET = 13.0;
				MTL_ENABLE_DEBUG_INFO = NO;
				MTL_FAST_MATH = YES;
				SDKROOT = iphoneos;
				SWIFT_COMPILATION_MODE = wholemodule;
				SWIFT_OPTIMIZATION_LEVEL = "-O";
				VALIDATE_PRODUCT = YES;
			};
			name = Release;
		};
		9D3DEB4A22D3C15600DDE02F /* Debug */ = {
			isa = XCBuildConfiguration;
			baseConfigurationReference = 96D074DC4A4EEF7DB6945270 /* Pods-PocketRockets.debug.xcconfig */;
			buildSettings = {
				ASSETCATALOG_COMPILER_APPICON_NAME = AppIcon;
				CODE_SIGN_STYLE = Automatic;
				DEVELOPMENT_TEAM = HD5UELD683;
				INFOPLIST_FILE = PocketRockets/Info.plist;
				LD_RUNPATH_SEARCH_PATHS = (
					"$(inherited)",
					"@executable_path/Frameworks",
				);
				PRODUCT_BUNDLE_IDENTIFIER = Vento.PocketRockets;
				PRODUCT_NAME = "$(TARGET_NAME)";
				SWIFT_VERSION = 5.0;
				TARGETED_DEVICE_FAMILY = 1;
			};
			name = Debug;
		};
		9D3DEB4B22D3C15600DDE02F /* Release */ = {
			isa = XCBuildConfiguration;
			baseConfigurationReference = F2964F7AA86C336810FC97BD /* Pods-PocketRockets.release.xcconfig */;
			buildSettings = {
				ASSETCATALOG_COMPILER_APPICON_NAME = AppIcon;
				CODE_SIGN_STYLE = Automatic;
				DEVELOPMENT_TEAM = HD5UELD683;
				INFOPLIST_FILE = PocketRockets/Info.plist;
				LD_RUNPATH_SEARCH_PATHS = (
					"$(inherited)",
					"@executable_path/Frameworks",
				);
				PRODUCT_BUNDLE_IDENTIFIER = Vento.PocketRockets;
				PRODUCT_NAME = "$(TARGET_NAME)";
				SWIFT_VERSION = 5.0;
				TARGETED_DEVICE_FAMILY = 1;
			};
			name = Release;
		};
		9D3DEB4D22D3C15600DDE02F /* Debug */ = {
			isa = XCBuildConfiguration;
			baseConfigurationReference = 0E36A9E3F3A9C2334E10EC12 /* Pods-PocketRocketsTests.debug.xcconfig */;
			buildSettings = {
				ALWAYS_EMBED_SWIFT_STANDARD_LIBRARIES = YES;
				BUNDLE_LOADER = "$(TEST_HOST)";
				CODE_SIGN_STYLE = Automatic;
				DEVELOPMENT_TEAM = HD5UELD683;
				INFOPLIST_FILE = PocketRocketsTests/Info.plist;
				LD_RUNPATH_SEARCH_PATHS = (
					"$(inherited)",
					"@executable_path/Frameworks",
					"@loader_path/Frameworks",
				);
				PRODUCT_BUNDLE_IDENTIFIER = Vento.PocketRocketsTests;
				PRODUCT_NAME = "$(TARGET_NAME)";
				SWIFT_VERSION = 5.0;
				TARGETED_DEVICE_FAMILY = "1,2";
				TEST_HOST = "$(BUILT_PRODUCTS_DIR)/PocketRockets.app/PocketRockets";
			};
			name = Debug;
		};
		9D3DEB4E22D3C15600DDE02F /* Release */ = {
			isa = XCBuildConfiguration;
			baseConfigurationReference = 026023FE86DEF373BBBFB790 /* Pods-PocketRocketsTests.release.xcconfig */;
			buildSettings = {
				ALWAYS_EMBED_SWIFT_STANDARD_LIBRARIES = YES;
				BUNDLE_LOADER = "$(TEST_HOST)";
				CODE_SIGN_STYLE = Automatic;
				DEVELOPMENT_TEAM = HD5UELD683;
				INFOPLIST_FILE = PocketRocketsTests/Info.plist;
				LD_RUNPATH_SEARCH_PATHS = (
					"$(inherited)",
					"@executable_path/Frameworks",
					"@loader_path/Frameworks",
				);
				PRODUCT_BUNDLE_IDENTIFIER = Vento.PocketRocketsTests;
				PRODUCT_NAME = "$(TARGET_NAME)";
				SWIFT_VERSION = 5.0;
				TARGETED_DEVICE_FAMILY = "1,2";
				TEST_HOST = "$(BUILT_PRODUCTS_DIR)/PocketRockets.app/PocketRockets";
			};
			name = Release;
		};
		9D3DEB5022D3C15600DDE02F /* Debug */ = {
			isa = XCBuildConfiguration;
			baseConfigurationReference = EA4BF08945B23732DAE3A94E /* Pods-PocketRocketsUITests.debug.xcconfig */;
			buildSettings = {
				ALWAYS_EMBED_SWIFT_STANDARD_LIBRARIES = YES;
				CODE_SIGN_STYLE = Automatic;
				DEVELOPMENT_TEAM = HD5UELD683;
				INFOPLIST_FILE = PocketRocketsUITests/Info.plist;
				LD_RUNPATH_SEARCH_PATHS = (
					"$(inherited)",
					"@executable_path/Frameworks",
					"@loader_path/Frameworks",
				);
				PRODUCT_BUNDLE_IDENTIFIER = Vento.PocketRocketsUITests;
				PRODUCT_NAME = "$(TARGET_NAME)";
				SWIFT_VERSION = 5.0;
				TARGETED_DEVICE_FAMILY = "1,2";
				TEST_TARGET_NAME = PocketRockets;
			};
			name = Debug;
		};
		9D3DEB5122D3C15600DDE02F /* Release */ = {
			isa = XCBuildConfiguration;
			baseConfigurationReference = 9ED0C454FE752B22A19B6E5B /* Pods-PocketRocketsUITests.release.xcconfig */;
			buildSettings = {
				ALWAYS_EMBED_SWIFT_STANDARD_LIBRARIES = YES;
				CODE_SIGN_STYLE = Automatic;
				DEVELOPMENT_TEAM = HD5UELD683;
				INFOPLIST_FILE = PocketRocketsUITests/Info.plist;
				LD_RUNPATH_SEARCH_PATHS = (
					"$(inherited)",
					"@executable_path/Frameworks",
					"@loader_path/Frameworks",
				);
				PRODUCT_BUNDLE_IDENTIFIER = Vento.PocketRocketsUITests;
				PRODUCT_NAME = "$(TARGET_NAME)";
				SWIFT_VERSION = 5.0;
				TARGETED_DEVICE_FAMILY = "1,2";
				TEST_TARGET_NAME = PocketRockets;
			};
			name = Release;
		};
/* End XCBuildConfiguration section */

/* Begin XCConfigurationList section */
		9D3DEB1A22D3C15600DDE02F /* Build configuration list for PBXProject "PocketRockets" */ = {
			isa = XCConfigurationList;
			buildConfigurations = (
				9D3DEB4722D3C15600DDE02F /* Debug */,
				9D3DEB4822D3C15600DDE02F /* Release */,
			);
			defaultConfigurationIsVisible = 0;
			defaultConfigurationName = Release;
		};
		9D3DEB4922D3C15600DDE02F /* Build configuration list for PBXNativeTarget "PocketRockets" */ = {
			isa = XCConfigurationList;
			buildConfigurations = (
				9D3DEB4A22D3C15600DDE02F /* Debug */,
				9D3DEB4B22D3C15600DDE02F /* Release */,
			);
			defaultConfigurationIsVisible = 0;
			defaultConfigurationName = Release;
		};
		9D3DEB4C22D3C15600DDE02F /* Build configuration list for PBXNativeTarget "PocketRocketsTests" */ = {
			isa = XCConfigurationList;
			buildConfigurations = (
				9D3DEB4D22D3C15600DDE02F /* Debug */,
				9D3DEB4E22D3C15600DDE02F /* Release */,
			);
			defaultConfigurationIsVisible = 0;
			defaultConfigurationName = Release;
		};
		9D3DEB4F22D3C15600DDE02F /* Build configuration list for PBXNativeTarget "PocketRocketsUITests" */ = {
			isa = XCConfigurationList;
			buildConfigurations = (
				9D3DEB5022D3C15600DDE02F /* Debug */,
				9D3DEB5122D3C15600DDE02F /* Release */,
			);
			defaultConfigurationIsVisible = 0;
			defaultConfigurationName = Release;
		};
/* End XCConfigurationList section */
	};
	rootObject = 9D3DEB1722D3C15600DDE02F /* Project object */;
}
